# THIS IS AN AUTOGENERATED FILE. DO NOT EDIT THIS FILE DIRECTLY.
# yarn lockfile v1


"@types/node@*":
  version "14.0.10"
  resolved "https://registry.yarnpkg.com/@types/node/-/node-14.0.10.tgz#dbfaa170bd9eafccccb6d7060743a761b0844afd"
  integrity sha512-Bz23oN/5bi0rniKT24ExLf4cK0JdvN3dH/3k0whYkdN4eI4vS2ZW/2ENNn2uxHCzWcbdHIa/GRuWQytfzCjRYw==

"@yaireo/tagify@3.12.0":
  version "3.12.0"
  resolved "https://registry.yarnpkg.com/@yaireo/tagify/-/tagify-3.12.0.tgz#5845cf35d32e2bc744d487d38ba2f4b4f422853e"
  integrity sha512-/xBALCwzrCRNPIfpeXDLFFBdCZY7fYnTq/GBkXxYhl5o2yZAvsTc+/AVJk4Wd593H464MZx/NA3XZyKf4OYQYw==

bootstrap@^4.4.1:
  version "4.5.0"
  resolved "https://registry.yarnpkg.com/bootstrap/-/bootstrap-4.5.0.tgz#97d9dbcb5a8972f8722c9962483543b907d9b9ec"
  integrity sha512-Z93QoXvodoVslA+PWNdk23Hze4RBYIkpb5h8I2HY2Tu2h7A0LpAgLcyrhrSUyo2/Oxm2l1fRZPs1e5hnxnliXA==

canvas-renderer@~2.1.1:
  version "2.1.1"
  resolved "https://registry.yarnpkg.com/canvas-renderer/-/canvas-renderer-2.1.1.tgz#d91fe9511ab48056ff9fa8a04514bede76535f55"
  integrity sha512-/V0XetN7s1Mk3NO7x2wxPZYv0pLMQtGAhecuOuKR88beiYCUle1AbCcFZNLu+4NVzi9RVHS0rXtIgzPEaKidLw==

cropper@^4.1.0:
  version "4.1.0"
  resolved "https://registry.yarnpkg.com/cropper/-/cropper-4.1.0.tgz#3c2faaa78f730a3c71814cee61e17c7a674b943f"
  integrity sha512-dNbkWNT606oMgRQ2aYMerDnPpSVLBMTWyERDHsDwih1ahJiVpyfSM9ev/n6G4ElfRG8t0shUZ5FXLg7YtmDdBQ==
  dependencies:
    cropperjs "^1.5.6"

cropperjs@^1.5.6:
  version "1.5.7"
  resolved "https://registry.yarnpkg.com/cropperjs/-/cropperjs-1.5.7.tgz#b65019725bae1c6285e881fb661b2141fa57025b"
  integrity sha512-sGj+G/ofKh+f6A4BtXLJwtcKJgMUsXYVUubfTo9grERiDGXncttefmue/fyQFvn8wfdyoD1KhDRYLfjkJFl0yw==

font-awesome@^4.7.0:
  version "4.7.0"
  resolved "https://registry.yarnpkg.com/font-awesome/-/font-awesome-4.7.0.tgz#8fa8cf0411a1a31afd07b06d2902bb9fc815a133"
  integrity sha1-j6jPBBGhoxr9B7BtKQK7n8gVoTM=

jdenticon@^2.2.0:
  version "2.2.0"
  resolved "https://registry.yarnpkg.com/jdenticon/-/jdenticon-2.2.0.tgz#6a9d9cb2134a7848ff21d59b3871148cbc6af87f"
  integrity sha512-WGqwpjN9pab/Sah9pGnFH5tQc3HF3WbLV/tPVbykvk5nuAkxG/zhzQYWC2owvpnS+/A0HmlSx35rtY8kyN+x7Q==
  dependencies:
    "@types/node" "*"
    canvas-renderer "~2.1.1"

jquery-cropper@^1.0.1:
  version "1.0.1"
  resolved "https://registry.yarnpkg.com/jquery-cropper/-/jquery-cropper-1.0.1.tgz#6ba9faf1c2c86c0ac3c648d40554ba53673113cf"
  integrity sha512-KGlY8b0IJQi2Bxe3lqMKmd5Z2Ce4GrnDE5O8Iciza9xCzXISkL6EqX/jFHwnLL1H6Q4FGjoRguuv3lxezsbKJQ==

jquery@^3.4.1:
  version "3.5.1"
  resolved "https://registry.yarnpkg.com/jquery/-/jquery-3.5.1.tgz#d7b4d08e1bfdb86ad2f1a3d039ea17304717abb5"
  integrity sha512-XwIBPqcMn57FxfT+Go5pzySnm4KWkT1Tv7gjrpT1srtf8Weynl6R273VJ5GjkRb51IzMp5nbaPjJXMWeju2MKg==

mark.js@^8.11.1:
  version "8.11.1"
  resolved "https://registry.yarnpkg.com/mark.js/-/mark.js-8.11.1.tgz#180f1f9ebef8b0e638e4166ad52db879beb2ffc5"
  integrity sha1-GA8fnr74sOY45BZq1S24eb6y/8U=

moment@^2.24.0:
  version "2.26.0"
  resolved "https://registry.yarnpkg.com/moment/-/moment-2.26.0.tgz#5e1f82c6bafca6e83e808b30c8705eed0dcbd39a"
  integrity sha512-oIixUO+OamkUkwjhAVE18rAMfRJNsNe/Stid/gwHSOfHrOtw9EhAY2AHvdKZ/k/MggcYELFCJz/Sn2pL8b8JMw==

summernote@^0.8.16:
  version "0.8.18"
  resolved "https://registry.yarnpkg.com/summernote/-/summernote-0.8.18.tgz#be5c368b1c92de8a05039a9976157bdea7aae386"
  integrity sha512-VlwBaNm9vSYMYXvO2f3UCUmY0Gm8jxLcBn+D08aX3pKs4x2vAoyQ4DcDQ6D+PchQiLrf86AGQVfVu56F4aP3ug==
